// !$*UTF8*$!
{
	archiveVersion = 1;
	classes = {
	};
	objectVersion = 56;
	objects = {

/* Begin PBXBuildFile section */
		3034FAD62A244D2A00CAC4A3 /* AppDelegate.swift in Sources */ = {isa = PBXBuildFile; fileRef = 3034FAD52A244D2A00CAC4A3 /* AppDelegate.swift */; };
		3034FAD82A244D2A00CAC4A3 /* SceneDelegate.swift in Sources */ = {isa = PBXBuildFile; fileRef = 3034FAD72A244D2A00CAC4A3 /* SceneDelegate.swift */; };
		3034FADA2A244D2A00CAC4A3 /* RMTabBarController.swift in Sources */ = {isa = PBXBuildFile; fileRef = 3034FAD92A244D2A00CAC4A3 /* RMTabBarController.swift */; };
		3034FADF2A244D2A00CAC4A3 /* Assets.xcassets in Resources */ = {isa = PBXBuildFile; fileRef = 3034FADE2A244D2A00CAC4A3 /* Assets.xcassets */; };
		3034FAE22A244D2A00CAC4A3 /* LaunchScreen.storyboard in Resources */ = {isa = PBXBuildFile; fileRef = 3034FAE02A244D2A00CAC4A3 /* LaunchScreen.storyboard */; };
		3034FAF12A244EEA00CAC4A3 /* RMLocation.swift in Sources */ = {isa = PBXBuildFile; fileRef = 3034FAF02A244EEA00CAC4A3 /* RMLocation.swift */; };
		3034FAF32A244EFC00CAC4A3 /* RMCharacter.swift in Sources */ = {isa = PBXBuildFile; fileRef = 3034FAF22A244EFC00CAC4A3 /* RMCharacter.swift */; };
		3034FAF52A244F0D00CAC4A3 /* RMEpisode.swift in Sources */ = {isa = PBXBuildFile; fileRef = 3034FAF42A244F0D00CAC4A3 /* RMEpisode.swift */; };
		3034FAF82A244F6300CAC4A3 /* RMCharacterViewController.swift in Sources */ = {isa = PBXBuildFile; fileRef = 3034FAF72A244F6300CAC4A3 /* RMCharacterViewController.swift */; };
		3034FAFA2A244F6C00CAC4A3 /* RMLocationViewController.swift in Sources */ = {isa = PBXBuildFile; fileRef = 3034FAF92A244F6C00CAC4A3 /* RMLocationViewController.swift */; };
		3034FAFC2A244F7B00CAC4A3 /* RMEpisodeViewController.swift in Sources */ = {isa = PBXBuildFile; fileRef = 3034FAFB2A244F7B00CAC4A3 /* RMEpisodeViewController.swift */; };
		3034FAFE2A244F8F00CAC4A3 /* RMSettingViewController.swift in Sources */ = {isa = PBXBuildFile; fileRef = 3034FAFD2A244F8F00CAC4A3 /* RMSettingViewController.swift */; };
		3034FB002A24552900CAC4A3 /* RMService.swift in Sources */ = {isa = PBXBuildFile; fileRef = 3034FAFF2A24552900CAC4A3 /* RMService.swift */; };
		3034FB022A24553500CAC4A3 /* RMRequest.swift in Sources */ = {isa = PBXBuildFile; fileRef = 3034FB012A24553500CAC4A3 /* RMRequest.swift */; };
		3034FB042A2455AF00CAC4A3 /* RMEndpoint.swift in Sources */ = {isa = PBXBuildFile; fileRef = 3034FB032A2455AF00CAC4A3 /* RMEndpoint.swift */; };
		3044C3992A2C2E1E007F2130 /* RMGetAllCharactersResponse.swift in Sources */ = {isa = PBXBuildFile; fileRef = 3044C3982A2C2E1E007F2130 /* RMGetAllCharactersResponse.swift */; };
		3044C39B2A2C3081007F2130 /* RMCharacterListViewViewModel.swift in Sources */ = {isa = PBXBuildFile; fileRef = 3044C39A2A2C3081007F2130 /* RMCharacterListViewViewModel.swift */; };
		3044C39D2A2C30D9007F2130 /* RMCharacterListView.swift in Sources */ = {isa = PBXBuildFile; fileRef = 3044C39C2A2C30D9007F2130 /* RMCharacterListView.swift */; };
		3044C39F2A2C3397007F2130 /* Extensions.swift in Sources */ = {isa = PBXBuildFile; fileRef = 3044C39E2A2C3397007F2130 /* Extensions.swift */; };
		3044C3A12A2C3866007F2130 /* RMCharacterCollectionViewCell.swift in Sources */ = {isa = PBXBuildFile; fileRef = 3044C3A02A2C3866007F2130 /* RMCharacterCollectionViewCell.swift */; };
		3044C3A32A2C39BC007F2130 /* RMCharacterCollectionViewCellViewModel.swift in Sources */ = {isa = PBXBuildFile; fileRef = 3044C3A22A2C39BC007F2130 /* RMCharacterCollectionViewCellViewModel.swift */; };
		3049ED3C2A2ACEA100F65461 /* RMOrigin.swift in Sources */ = {isa = PBXBuildFile; fileRef = 3049ED3B2A2ACEA100F65461 /* RMOrigin.swift */; };
		3049ED3E2A2ACEEE00F65461 /* RMSingleLocation.swift in Sources */ = {isa = PBXBuildFile; fileRef = 3049ED3D2A2ACEEE00F65461 /* RMSingleLocation.swift */; };
		3049ED402A2ACFD400F65461 /* RMCharacterStatus.swift in Sources */ = {isa = PBXBuildFile; fileRef = 3049ED3F2A2ACFD400F65461 /* RMCharacterStatus.swift */; };
		3049ED422A2AD01500F65461 /* RMCharacterGender.swift in Sources */ = {isa = PBXBuildFile; fileRef = 3049ED412A2AD01500F65461 /* RMCharacterGender.swift */; };
		3092B9112A2ED45F00DD6991 /* RMCharacterDetailViewController.swift in Sources */ = {isa = PBXBuildFile; fileRef = 3092B9102A2ED45F00DD6991 /* RMCharacterDetailViewController.swift */; };
		3092B9132A2ED4DA00DD6991 /* RMCharacterDetailView.swift in Sources */ = {isa = PBXBuildFile; fileRef = 3092B9122A2ED4DA00DD6991 /* RMCharacterDetailView.swift */; };
		3092B9152A2ED4E300DD6991 /* RMCharacterDetailViewViewModel.swift in Sources */ = {isa = PBXBuildFile; fileRef = 3092B9142A2ED4E300DD6991 /* RMCharacterDetailViewViewModel.swift */; };
		3092B9172A2ED8AC00DD6991 /* RMFooterLoadingCollectionReusableView.swift in Sources */ = {isa = PBXBuildFile; fileRef = 3092B9162A2ED8AC00DD6991 /* RMFooterLoadingCollectionReusableView.swift */; };
/* End PBXBuildFile section */

/* Begin PBXFileReference section */
		3034FAD22A244D2A00CAC4A3 /* RickAndMorty.app */ = {isa = PBXFileReference; explicitFileType = wrapper.application; includeInIndex = 0; path = RickAndMorty.app; sourceTree = BUILT_PRODUCTS_DIR; };
		3034FAD52A244D2A00CAC4A3 /* AppDelegate.swift */ = {isa = PBXFileReference; lastKnownFileType = sourcecode.swift; path = AppDelegate.swift; sourceTree = "<group>"; };
		3034FAD72A244D2A00CAC4A3 /* SceneDelegate.swift */ = {isa = PBXFileReference; lastKnownFileType = sourcecode.swift; path = SceneDelegate.swift; sourceTree = "<group>"; };
		3034FAD92A244D2A00CAC4A3 /* RMTabBarController.swift */ = {isa = PBXFileReference; lastKnownFileType = sourcecode.swift; path = RMTabBarController.swift; sourceTree = "<group>"; };
		3034FADE2A244D2A00CAC4A3 /* Assets.xcassets */ = {isa = PBXFileReference; lastKnownFileType = folder.assetcatalog; path = Assets.xcassets; sourceTree = "<group>"; };
		3034FAE12A244D2A00CAC4A3 /* Base */ = {isa = PBXFileReference; lastKnownFileType = file.storyboard; name = Base; path = Base.lproj/LaunchScreen.storyboard; sourceTree = "<group>"; };
		3034FAE32A244D2A00CAC4A3 /* Info.plist */ = {isa = PBXFileReference; lastKnownFileType = text.plist.xml; path = Info.plist; sourceTree = "<group>"; };
		3034FAF02A244EEA00CAC4A3 /* RMLocation.swift */ = {isa = PBXFileReference; lastKnownFileType = sourcecode.swift; path = RMLocation.swift; sourceTree = "<group>"; };
		3034FAF22A244EFC00CAC4A3 /* RMCharacter.swift */ = {isa = PBXFileReference; lastKnownFileType = sourcecode.swift; path = RMCharacter.swift; sourceTree = "<group>"; };
		3034FAF42A244F0D00CAC4A3 /* RMEpisode.swift */ = {isa = PBXFileReference; lastKnownFileType = sourcecode.swift; path = RMEpisode.swift; sourceTree = "<group>"; };
		3034FAF72A244F6300CAC4A3 /* RMCharacterViewController.swift */ = {isa = PBXFileReference; lastKnownFileType = sourcecode.swift; path = RMCharacterViewController.swift; sourceTree = "<group>"; };
		3034FAF92A244F6C00CAC4A3 /* RMLocationViewController.swift */ = {isa = PBXFileReference; lastKnownFileType = sourcecode.swift; path = RMLocationViewController.swift; sourceTree = "<group>"; };
		3034FAFB2A244F7B00CAC4A3 /* RMEpisodeViewController.swift */ = {isa = PBXFileReference; lastKnownFileType = sourcecode.swift; path = RMEpisodeViewController.swift; sourceTree = "<group>"; };
		3034FAFD2A244F8F00CAC4A3 /* RMSettingViewController.swift */ = {isa = PBXFileReference; lastKnownFileType = sourcecode.swift; path = RMSettingViewController.swift; sourceTree = "<group>"; };
		3034FAFF2A24552900CAC4A3 /* RMService.swift */ = {isa = PBXFileReference; lastKnownFileType = sourcecode.swift; path = RMService.swift; sourceTree = "<group>"; };
		3034FB012A24553500CAC4A3 /* RMRequest.swift */ = {isa = PBXFileReference; lastKnownFileType = sourcecode.swift; path = RMRequest.swift; sourceTree = "<group>"; };
		3034FB032A2455AF00CAC4A3 /* RMEndpoint.swift */ = {isa = PBXFileReference; lastKnownFileType = sourcecode.swift; path = RMEndpoint.swift; sourceTree = "<group>"; };
		3044C3982A2C2E1E007F2130 /* RMGetAllCharactersResponse.swift */ = {isa = PBXFileReference; lastKnownFileType = sourcecode.swift; path = RMGetAllCharactersResponse.swift; sourceTree = "<group>"; };
		3044C39A2A2C3081007F2130 /* RMCharacterListViewViewModel.swift */ = {isa = PBXFileReference; lastKnownFileType = sourcecode.swift; path = RMCharacterListViewViewModel.swift; sourceTree = "<group>"; };
		3044C39C2A2C30D9007F2130 /* RMCharacterListView.swift */ = {isa = PBXFileReference; lastKnownFileType = sourcecode.swift; path = RMCharacterListView.swift; sourceTree = "<group>"; };
		3044C39E2A2C3397007F2130 /* Extensions.swift */ = {isa = PBXFileReference; lastKnownFileType = sourcecode.swift; path = Extensions.swift; sourceTree = "<group>"; };
		3044C3A02A2C3866007F2130 /* RMCharacterCollectionViewCell.swift */ = {isa = PBXFileReference; lastKnownFileType = sourcecode.swift; path = RMCharacterCollectionViewCell.swift; sourceTree = "<group>"; };
		3044C3A22A2C39BC007F2130 /* RMCharacterCollectionViewCellViewModel.swift */ = {isa = PBXFileReference; lastKnownFileType = sourcecode.swift; path = RMCharacterCollectionViewCellViewModel.swift; sourceTree = "<group>"; };
		3049ED3B2A2ACEA100F65461 /* RMOrigin.swift */ = {isa = PBXFileReference; lastKnownFileType = sourcecode.swift; path = RMOrigin.swift; sourceTree = "<group>"; };
		3049ED3D2A2ACEEE00F65461 /* RMSingleLocation.swift */ = {isa = PBXFileReference; lastKnownFileType = sourcecode.swift; path = RMSingleLocation.swift; sourceTree = "<group>"; };
		3049ED3F2A2ACFD400F65461 /* RMCharacterStatus.swift */ = {isa = PBXFileReference; lastKnownFileType = sourcecode.swift; path = RMCharacterStatus.swift; sourceTree = "<group>"; };
		3049ED412A2AD01500F65461 /* RMCharacterGender.swift */ = {isa = PBXFileReference; lastKnownFileType = sourcecode.swift; path = RMCharacterGender.swift; sourceTree = "<group>"; };
		3092B9102A2ED45F00DD6991 /* RMCharacterDetailViewController.swift */ = {isa = PBXFileReference; lastKnownFileType = sourcecode.swift; path = RMCharacterDetailViewController.swift; sourceTree = "<group>"; };
		3092B9122A2ED4DA00DD6991 /* RMCharacterDetailView.swift */ = {isa = PBXFileReference; lastKnownFileType = sourcecode.swift; path = RMCharacterDetailView.swift; sourceTree = "<group>"; };
		3092B9142A2ED4E300DD6991 /* RMCharacterDetailViewViewModel.swift */ = {isa = PBXFileReference; lastKnownFileType = sourcecode.swift; path = RMCharacterDetailViewViewModel.swift; sourceTree = "<group>"; };
		3092B9162A2ED8AC00DD6991 /* RMFooterLoadingCollectionReusableView.swift */ = {isa = PBXFileReference; lastKnownFileType = sourcecode.swift; path = RMFooterLoadingCollectionReusableView.swift; sourceTree = "<group>"; };
/* End PBXFileReference section */

/* Begin PBXFrameworksBuildPhase section */
		3034FACF2A244D2A00CAC4A3 /* Frameworks */ = {
			isa = PBXFrameworksBuildPhase;
			buildActionMask = 2147483647;
			files = (
			);
			runOnlyForDeploymentPostprocessing = 0;
		};
/* End PBXFrameworksBuildPhase section */

/* Begin PBXGroup section */
		3034FAC92A244D2A00CAC4A3 = {
			isa = PBXGroup;
			children = (
				3034FAD42A244D2A00CAC4A3 /* RickAndMorty */,
				3034FAD32A244D2A00CAC4A3 /* Products */,
			);
			sourceTree = "<group>";
		};
		3034FAD32A244D2A00CAC4A3 /* Products */ = {
			isa = PBXGroup;
			children = (
				3034FAD22A244D2A00CAC4A3 /* RickAndMorty.app */,
			);
			name = Products;
			sourceTree = "<group>";
		};
		3034FAD42A244D2A00CAC4A3 /* RickAndMorty */ = {
			isa = PBXGroup;
			children = (
				3034FAEF2A244E8400CAC4A3 /* Resources */,
				3034FAEE2A244E7D00CAC4A3 /* Managers */,
				3034FAED2A244E6B00CAC4A3 /* APIClients */,
				3034FAEC2A244E6100CAC4A3 /* ViewModels */,
				3034FAEB2A244E5D00CAC4A3 /* Views */,
				3034FAEA2A244E5600CAC4A3 /* Models */,
				3034FAE92A244E4C00CAC4A3 /* Controllers */,
				3034FAE32A244D2A00CAC4A3 /* Info.plist */,
			);
			path = RickAndMorty;
			sourceTree = "<group>";
		};
		3034FAE92A244E4C00CAC4A3 /* Controllers */ = {
			isa = PBXGroup;
			children = (
				3092B90F2A2ED44200DD6991 /* Other */,
				3034FAF62A244F4000CAC4A3 /* Core */,
			);
			path = Controllers;
			sourceTree = "<group>";
		};
		3034FAEA2A244E5600CAC4A3 /* Models */ = {
			isa = PBXGroup;
			children = (
				3044C3972A2C2DFF007F2130 /* APIResponseTypes */,
				3044C3962A2C2DE7007F2130 /* DataTypes */,
			);
			path = Models;
			sourceTree = "<group>";
		};
		3034FAEB2A244E5D00CAC4A3 /* Views */ = {
			isa = PBXGroup;
			children = (
				3044C39C2A2C30D9007F2130 /* RMCharacterListView.swift */,
				3044C3A02A2C3866007F2130 /* RMCharacterCollectionViewCell.swift */,
				3092B9122A2ED4DA00DD6991 /* RMCharacterDetailView.swift */,
				3092B9162A2ED8AC00DD6991 /* RMFooterLoadingCollectionReusableView.swift */,
			);
			path = Views;
			sourceTree = "<group>";
		};
		3034FAEC2A244E6100CAC4A3 /* ViewModels */ = {
			isa = PBXGroup;
			children = (
				3044C39A2A2C3081007F2130 /* RMCharacterListViewViewModel.swift */,
				3044C3A22A2C39BC007F2130 /* RMCharacterCollectionViewCellViewModel.swift */,
				3092B9142A2ED4E300DD6991 /* RMCharacterDetailViewViewModel.swift */,
			);
			path = ViewModels;
			sourceTree = "<group>";
		};
		3034FAED2A244E6B00CAC4A3 /* APIClients */ = {
			isa = PBXGroup;
			children = (
				3034FAFF2A24552900CAC4A3 /* RMService.swift */,
				3034FB012A24553500CAC4A3 /* RMRequest.swift */,
				3034FB032A2455AF00CAC4A3 /* RMEndpoint.swift */,
			);
			path = APIClients;
			sourceTree = "<group>";
		};
		3034FAEE2A244E7D00CAC4A3 /* Managers */ = {
			isa = PBXGroup;
			children = (
			);
			path = Managers;
			sourceTree = "<group>";
		};
		3034FAEF2A244E8400CAC4A3 /* Resources */ = {
			isa = PBXGroup;
			children = (
				3034FAE02A244D2A00CAC4A3 /* LaunchScreen.storyboard */,
				3034FADE2A244D2A00CAC4A3 /* Assets.xcassets */,
				3034FAD52A244D2A00CAC4A3 /* AppDelegate.swift */,
				3034FAD72A244D2A00CAC4A3 /* SceneDelegate.swift */,
				3044C39E2A2C3397007F2130 /* Extensions.swift */,
			);
			path = Resources;
			sourceTree = "<group>";
		};
		3034FAF62A244F4000CAC4A3 /* Core */ = {
			isa = PBXGroup;
			children = (
				3034FAD92A244D2A00CAC4A3 /* RMTabBarController.swift */,
				3034FAF72A244F6300CAC4A3 /* RMCharacterViewController.swift */,
				3034FAF92A244F6C00CAC4A3 /* RMLocationViewController.swift */,
				3034FAFB2A244F7B00CAC4A3 /* RMEpisodeViewController.swift */,
				3034FAFD2A244F8F00CAC4A3 /* RMSettingViewController.swift */,
			);
			path = Core;
			sourceTree = "<group>";
		};
		3044C3962A2C2DE7007F2130 /* DataTypes */ = {
			isa = PBXGroup;
			children = (
				3034FAF02A244EEA00CAC4A3 /* RMLocation.swift */,
				3034FAF22A244EFC00CAC4A3 /* RMCharacter.swift */,
				3034FAF42A244F0D00CAC4A3 /* RMEpisode.swift */,
				3049ED3B2A2ACEA100F65461 /* RMOrigin.swift */,
				3049ED3D2A2ACEEE00F65461 /* RMSingleLocation.swift */,
				3049ED3F2A2ACFD400F65461 /* RMCharacterStatus.swift */,
				3049ED412A2AD01500F65461 /* RMCharacterGender.swift */,
			);
			path = DataTypes;
			sourceTree = "<group>";
		};
		3044C3972A2C2DFF007F2130 /* APIResponseTypes */ = {
			isa = PBXGroup;
			children = (
				3044C3982A2C2E1E007F2130 /* RMGetAllCharactersResponse.swift */,
			);
			path = APIResponseTypes;
			sourceTree = "<group>";
		};
		3092B90F2A2ED44200DD6991 /* Other */ = {
			isa = PBXGroup;
			children = (
				3092B9102A2ED45F00DD6991 /* RMCharacterDetailViewController.swift */,
			);
			path = Other;
			sourceTree = "<group>";
		};
/* End PBXGroup section */

/* Begin PBXNativeTarget section */
		3034FAD12A244D2A00CAC4A3 /* RickAndMorty */ = {
			isa = PBXNativeTarget;
			buildConfigurationList = 3034FAE62A244D2A00CAC4A3 /* Build configuration list for PBXNativeTarget "RickAndMorty" */;
			buildPhases = (
				3034FACE2A244D2A00CAC4A3 /* Sources */,
				3034FACF2A244D2A00CAC4A3 /* Frameworks */,
				3034FAD02A244D2A00CAC4A3 /* Resources */,
			);
			buildRules = (
			);
			dependencies = (
			);
			name = RickAndMorty;
			productName = RickAndMorty;
			productReference = 3034FAD22A244D2A00CAC4A3 /* RickAndMorty.app */;
			productType = "com.apple.product-type.application";
		};
/* End PBXNativeTarget section */

/* Begin PBXProject section */
		3034FACA2A244D2A00CAC4A3 /* Project object */ = {
			isa = PBXProject;
			attributes = {
				BuildIndependentTargetsInParallel = 1;
				LastSwiftUpdateCheck = 1430;
				LastUpgradeCheck = 1430;
				TargetAttributes = {
					3034FAD12A244D2A00CAC4A3 = {
						CreatedOnToolsVersion = 14.3;
					};
				};
			};
			buildConfigurationList = 3034FACD2A244D2A00CAC4A3 /* Build configuration list for PBXProject "RickAndMorty" */;
			compatibilityVersion = "Xcode 14.0";
			developmentRegion = en;
			hasScannedForEncodings = 0;
			knownRegions = (
				en,
				Base,
			);
			mainGroup = 3034FAC92A244D2A00CAC4A3;
			productRefGroup = 3034FAD32A244D2A00CAC4A3 /* Products */;
			projectDirPath = "";
			projectRoot = "";
			targets = (
				3034FAD12A244D2A00CAC4A3 /* RickAndMorty */,
			);
		};
/* End PBXProject section */

/* Begin PBXResourcesBuildPhase section */
		3034FAD02A244D2A00CAC4A3 /* Resources */ = {
			isa = PBXResourcesBuildPhase;
			buildActionMask = 2147483647;
			files = (
				3034FAE22A244D2A00CAC4A3 /* LaunchScreen.storyboard in Resources */,
				3034FADF2A244D2A00CAC4A3 /* Assets.xcassets in Resources */,
			);
			runOnlyForDeploymentPostprocessing = 0;
		};
/* End PBXResourcesBuildPhase section */

/* Begin PBXSourcesBuildPhase section */
		3034FACE2A244D2A00CAC4A3 /* Sources */ = {
			isa = PBXSourcesBuildPhase;
			buildActionMask = 2147483647;
			files = (
				3049ED3C2A2ACEA100F65461 /* RMOrigin.swift in Sources */,
				3092B9152A2ED4E300DD6991 /* RMCharacterDetailViewViewModel.swift in Sources */,
				3049ED3E2A2ACEEE00F65461 /* RMSingleLocation.swift in Sources */,
				3044C39D2A2C30D9007F2130 /* RMCharacterListView.swift in Sources */,
				3044C3992A2C2E1E007F2130 /* RMGetAllCharactersResponse.swift in Sources */,
				3049ED402A2ACFD400F65461 /* RMCharacterStatus.swift in Sources */,
				3049ED422A2AD01500F65461 /* RMCharacterGender.swift in Sources */,
				3092B9112A2ED45F00DD6991 /* RMCharacterDetailViewController.swift in Sources */,
				3092B9172A2ED8AC00DD6991 /* RMFooterLoadingCollectionReusableView.swift in Sources */,
				3034FAFA2A244F6C00CAC4A3 /* RMLocationViewController.swift in Sources */,
				3034FAF52A244F0D00CAC4A3 /* RMEpisode.swift in Sources */,
				3034FADA2A244D2A00CAC4A3 /* RMTabBarController.swift in Sources */,
				3044C3A12A2C3866007F2130 /* RMCharacterCollectionViewCell.swift in Sources */,
				3034FAFC2A244F7B00CAC4A3 /* RMEpisodeViewController.swift in Sources */,
				3034FAFE2A244F8F00CAC4A3 /* RMSettingViewController.swift in Sources */,
				3034FAD62A244D2A00CAC4A3 /* AppDelegate.swift in Sources */,
				3034FAD82A244D2A00CAC4A3 /* SceneDelegate.swift in Sources */,
				3044C39F2A2C3397007F2130 /* Extensions.swift in Sources */,
				3034FB002A24552900CAC4A3 /* RMService.swift in Sources */,
				3034FAF12A244EEA00CAC4A3 /* RMLocation.swift in Sources */,
				3034FB042A2455AF00CAC4A3 /* RMEndpoint.swift in Sources */,
				3034FAF32A244EFC00CAC4A3 /* RMCharacter.swift in Sources */,
				3044C3A32A2C39BC007F2130 /* RMCharacterCollectionViewCellViewModel.swift in Sources */,
				3034FB022A24553500CAC4A3 /* RMRequest.swift in Sources */,
				3044C39B2A2C3081007F2130 /* RMCharacterListViewViewModel.swift in Sources */,
				3034FAF82A244F6300CAC4A3 /* RMCharacterViewController.swift in Sources */,
				3092B9132A2ED4DA00DD6991 /* RMCharacterDetailView.swift in Sources */,
			);
			runOnlyForDeploymentPostprocessing = 0;
		};
/* End PBXSourcesBuildPhase section */

/* Begin PBXVariantGroup section */
		3034FAE02A244D2A00CAC4A3 /* LaunchScreen.storyboard */ = {
			isa = PBXVariantGroup;
			children = (
				3034FAE12A244D2A00CAC4A3 /* Base */,
			);
			name = LaunchScreen.storyboard;
			sourceTree = "<group>";
		};
/* End PBXVariantGroup section */

/* Begin XCBuildConfiguration section */
		3034FAE42A244D2A00CAC4A3 /* Debug */ = {
			isa = XCBuildConfiguration;
			buildSettings = {
				ALWAYS_SEARCH_USER_PATHS = NO;
				CLANG_ANALYZER_NONNULL = YES;
				CLANG_ANALYZER_NUMBER_OBJECT_CONVERSION = YES_AGGRESSIVE;
				CLANG_CXX_LANGUAGE_STANDARD = "gnu++20";
				CLANG_ENABLE_MODULES = YES;
				CLANG_ENABLE_OBJC_ARC = YES;
				CLANG_ENABLE_OBJC_WEAK = YES;
				CLANG_WARN_BLOCK_CAPTURE_AUTORELEASING = YES;
				CLANG_WARN_BOOL_CONVERSION = YES;
				CLANG_WARN_COMMA = YES;
				CLANG_WARN_CONSTANT_CONVERSION = YES;
				CLANG_WARN_DEPRECATED_OBJC_IMPLEMENTATIONS = YES;
				CLANG_WARN_DIRECT_OBJC_ISA_USAGE = YES_ERROR;
				CLANG_WARN_DOCUMENTATION_COMMENTS = YES;
				CLANG_WARN_EMPTY_BODY = YES;
				CLANG_WARN_ENUM_CONVERSION = YES;
				CLANG_WARN_INFINITE_RECURSION = YES;
				CLANG_WARN_INT_CONVERSION = YES;
				CLANG_WARN_NON_LITERAL_NULL_CONVERSION = YES;
				CLANG_WARN_OBJC_IMPLICIT_RETAIN_SELF = YES;
				CLANG_WARN_OBJC_LITERAL_CONVERSION = YES;
				CLANG_WARN_OBJC_ROOT_CLASS = YES_ERROR;
				CLANG_WARN_QUOTED_INCLUDE_IN_FRAMEWORK_HEADER = YES;
				CLANG_WARN_RANGE_LOOP_ANALYSIS = YES;
				CLANG_WARN_STRICT_PROTOTYPES = YES;
				CLANG_WARN_SUSPICIOUS_MOVE = YES;
				CLANG_WARN_UNGUARDED_AVAILABILITY = YES_AGGRESSIVE;
				CLANG_WARN_UNREACHABLE_CODE = YES;
				CLANG_WARN__DUPLICATE_METHOD_MATCH = YES;
				COPY_PHASE_STRIP = NO;
				DEBUG_INFORMATION_FORMAT = dwarf;
				ENABLE_STRICT_OBJC_MSGSEND = YES;
				ENABLE_TESTABILITY = YES;
				GCC_C_LANGUAGE_STANDARD = gnu11;
				GCC_DYNAMIC_NO_PIC = NO;
				GCC_NO_COMMON_BLOCKS = YES;
				GCC_OPTIMIZATION_LEVEL = 0;
				GCC_PREPROCESSOR_DEFINITIONS = (
					"DEBUG=1",
					"$(inherited)",
				);
				GCC_WARN_64_TO_32_BIT_CONVERSION = YES;
				GCC_WARN_ABOUT_RETURN_TYPE = YES_ERROR;
				GCC_WARN_UNDECLARED_SELECTOR = YES;
				GCC_WARN_UNINITIALIZED_AUTOS = YES_AGGRESSIVE;
				GCC_WARN_UNUSED_FUNCTION = YES;
				GCC_WARN_UNUSED_VARIABLE = YES;
				IPHONEOS_DEPLOYMENT_TARGET = 16.4;
				MTL_ENABLE_DEBUG_INFO = INCLUDE_SOURCE;
				MTL_FAST_MATH = YES;
				ONLY_ACTIVE_ARCH = YES;
				SDKROOT = iphoneos;
				SWIFT_ACTIVE_COMPILATION_CONDITIONS = DEBUG;
				SWIFT_OPTIMIZATION_LEVEL = "-Onone";
			};
			name = Debug;
		};
		3034FAE52A244D2A00CAC4A3 /* Release */ = {
			isa = XCBuildConfiguration;
			buildSettings = {
				ALWAYS_SEARCH_USER_PATHS = NO;
				CLANG_ANALYZER_NONNULL = YES;
				CLANG_ANALYZER_NUMBER_OBJECT_CONVERSION = YES_AGGRESSIVE;
				CLANG_CXX_LANGUAGE_STANDARD = "gnu++20";
				CLANG_ENABLE_MODULES = YES;
				CLANG_ENABLE_OBJC_ARC = YES;
				CLANG_ENABLE_OBJC_WEAK = YES;
				CLANG_WARN_BLOCK_CAPTURE_AUTORELEASING = YES;
				CLANG_WARN_BOOL_CONVERSION = YES;
				CLANG_WARN_COMMA = YES;
				CLANG_WARN_CONSTANT_CONVERSION = YES;
				CLANG_WARN_DEPRECATED_OBJC_IMPLEMENTATIONS = YES;
				CLANG_WARN_DIRECT_OBJC_ISA_USAGE = YES_ERROR;
				CLANG_WARN_DOCUMENTATION_COMMENTS = YES;
				CLANG_WARN_EMPTY_BODY = YES;
				CLANG_WARN_ENUM_CONVERSION = YES;
				CLANG_WARN_INFINITE_RECURSION = YES;
				CLANG_WARN_INT_CONVERSION = YES;
				CLANG_WARN_NON_LITERAL_NULL_CONVERSION = YES;
				CLANG_WARN_OBJC_IMPLICIT_RETAIN_SELF = YES;
				CLANG_WARN_OBJC_LITERAL_CONVERSION = YES;
				CLANG_WARN_OBJC_ROOT_CLASS = YES_ERROR;
				CLANG_WARN_QUOTED_INCLUDE_IN_FRAMEWORK_HEADER = YES;
				CLANG_WARN_RANGE_LOOP_ANALYSIS = YES;
				CLANG_WARN_STRICT_PROTOTYPES = YES;
				CLANG_WARN_SUSPICIOUS_MOVE = YES;
				CLANG_WARN_UNGUARDED_AVAILABILITY = YES_AGGRESSIVE;
				CLANG_WARN_UNREACHABLE_CODE = YES;
				CLANG_WARN__DUPLICATE_METHOD_MATCH = YES;
				COPY_PHASE_STRIP = NO;
				DEBUG_INFORMATION_FORMAT = "dwarf-with-dsym";
				ENABLE_NS_ASSERTIONS = NO;
				ENABLE_STRICT_OBJC_MSGSEND = YES;
				GCC_C_LANGUAGE_STANDARD = gnu11;
				GCC_NO_COMMON_BLOCKS = YES;
				GCC_WARN_64_TO_32_BIT_CONVERSION = YES;
				GCC_WARN_ABOUT_RETURN_TYPE = YES_ERROR;
				GCC_WARN_UNDECLARED_SELECTOR = YES;
				GCC_WARN_UNINITIALIZED_AUTOS = YES_AGGRESSIVE;
				GCC_WARN_UNUSED_FUNCTION = YES;
				GCC_WARN_UNUSED_VARIABLE = YES;
				IPHONEOS_DEPLOYMENT_TARGET = 16.4;
				MTL_ENABLE_DEBUG_INFO = NO;
				MTL_FAST_MATH = YES;
				SDKROOT = iphoneos;
				SWIFT_COMPILATION_MODE = wholemodule;
				SWIFT_OPTIMIZATION_LEVEL = "-O";
				VALIDATE_PRODUCT = YES;
			};
			name = Release;
		};
		3034FAE72A244D2A00CAC4A3 /* Debug */ = {
			isa = XCBuildConfiguration;
			buildSettings = {
				ASSETCATALOG_COMPILER_APPICON_NAME = AppIcon;
				ASSETCATALOG_COMPILER_GLOBAL_ACCENT_COLOR_NAME = AccentColor;
				CODE_SIGN_STYLE = Automatic;
				CURRENT_PROJECT_VERSION = 1;
				DEVELOPMENT_TEAM = 2T26JN974C;
				GENERATE_INFOPLIST_FILE = YES;
				INFOPLIST_FILE = RickAndMorty/Info.plist;
				INFOPLIST_KEY_UIApplicationSupportsIndirectInputEvents = YES;
				INFOPLIST_KEY_UILaunchStoryboardName = LaunchScreen;
				INFOPLIST_KEY_UISupportedInterfaceOrientations = "UIInterfaceOrientationLandscapeLeft UIInterfaceOrientationLandscapeRight UIInterfaceOrientationPortrait";
				INFOPLIST_KEY_UISupportedInterfaceOrientations_iPad = "UIInterfaceOrientationLandscapeLeft UIInterfaceOrientationLandscapeRight UIInterfaceOrientationPortrait UIInterfaceOrientationPortraitUpsideDown";
				LD_RUNPATH_SEARCH_PATHS = (
					"$(inherited)",
					"@executable_path/Frameworks",
				);
				MARKETING_VERSION = 1.0;
				PRODUCT_BUNDLE_IDENTIFIER = omegatoy.RickAndMorty;
				PRODUCT_NAME = "$(TARGET_NAME)";
				SWIFT_EMIT_LOC_STRINGS = YES;
				SWIFT_VERSION = 5.0;
				TARGETED_DEVICE_FAMILY = "1,2";
			};
			name = Debug;
		};
		3034FAE82A244D2A00CAC4A3 /* Release */ = {
			isa = XCBuildConfiguration;
			buildSettings = {
				ASSETCATALOG_COMPILER_APPICON_NAME = AppIcon;
				ASSETCATALOG_COMPILER_GLOBAL_ACCENT_COLOR_NAME = AccentColor;
				CODE_SIGN_STYLE = Automatic;
				CURRENT_PROJECT_VERSION = 1;
				DEVELOPMENT_TEAM = 2T26JN974C;
				GENERATE_INFOPLIST_FILE = YES;
				INFOPLIST_FILE = RickAndMorty/Info.plist;
				INFOPLIST_KEY_UIApplicationSupportsIndirectInputEvents = YES;
				INFOPLIST_KEY_UILaunchStoryboardName = LaunchScreen;
				INFOPLIST_KEY_UISupportedInterfaceOrientations = "UIInterfaceOrientationLandscapeLeft UIInterfaceOrientationLandscapeRight UIInterfaceOrientationPortrait";
				INFOPLIST_KEY_UISupportedInterfaceOrientations_iPad = "UIInterfaceOrientationLandscapeLeft UIInterfaceOrientationLandscapeRight UIInterfaceOrientationPortrait UIInterfaceOrientationPortraitUpsideDown";
				LD_RUNPATH_SEARCH_PATHS = (
					"$(inherited)",
					"@executable_path/Frameworks",
				);
				MARKETING_VERSION = 1.0;
				PRODUCT_BUNDLE_IDENTIFIER = omegatoy.RickAndMorty;
				PRODUCT_NAME = "$(TARGET_NAME)";
				SWIFT_EMIT_LOC_STRINGS = YES;
				SWIFT_VERSION = 5.0;
				TARGETED_DEVICE_FAMILY = "1,2";
			};
			name = Release;
		};
/* End XCBuildConfiguration section */

/* Begin XCConfigurationList section */
		3034FACD2A244D2A00CAC4A3 /* Build configuration list for PBXProject "RickAndMorty" */ = {
			isa = XCConfigurationList;
			buildConfigurations = (
				3034FAE42A244D2A00CAC4A3 /* Debug */,
				3034FAE52A244D2A00CAC4A3 /* Release */,
			);
			defaultConfigurationIsVisible = 0;
			defaultConfigurationName = Release;
		};
		3034FAE62A244D2A00CAC4A3 /* Build configuration list for PBXNativeTarget "RickAndMorty" */ = {
			isa = XCConfigurationList;
			buildConfigurations = (
				3034FAE72A244D2A00CAC4A3 /* Debug */,
				3034FAE82A244D2A00CAC4A3 /* Release */,
			);
			defaultConfigurationIsVisible = 0;
			defaultConfigurationName = Release;
		};
/* End XCConfigurationList section */
	};
	rootObject = 3034FACA2A244D2A00CAC4A3 /* Project object */;
}
